// !$*UTF8*$!
{
	archiveVersion = 1;
	classes = {
	};
	objectVersion = 55;
	objects = {

/* Begin PBXBuildFile section */
		4D54548B27DCA35B00270611 /* AnimationFrames.swift in Sources */ = {isa = PBXBuildFile; fileRef = 4D54548A27DCA35B00270611 /* AnimationFrames.swift */; };
		4D9C111927DA67510080692D /* AudioListTVC.swift in Sources */ = {isa = PBXBuildFile; fileRef = 4D9C111727DA67510080692D /* AudioListTVC.swift */; };
		4D9C111A27DA67510080692D /* AudioListTVC.xib in Resources */ = {isa = PBXBuildFile; fileRef = 4D9C111827DA67510080692D /* AudioListTVC.xib */; };
		4D9C111D27DA6C140080692D /* KSAudioPlayer.swift in Sources */ = {isa = PBXBuildFile; fileRef = 4D9C111C27DA6C140080692D /* KSAudioPlayer.swift */; };
		4DC11FDC27DA285F00D80461 /* AppDelegate.swift in Sources */ = {isa = PBXBuildFile; fileRef = 4DC11FDB27DA285F00D80461 /* AppDelegate.swift */; };
		4DC11FE527DA286100D80461 /* Assets.xcassets in Resources */ = {isa = PBXBuildFile; fileRef = 4DC11FE427DA286100D80461 /* Assets.xcassets */; };
		4DC11FE827DA286100D80461 /* LaunchScreen.storyboard in Resources */ = {isa = PBXBuildFile; fileRef = 4DC11FE627DA286100D80461 /* LaunchScreen.storyboard */; };
		4DC11FF727DA298300D80461 /* AudiosListVC.swift in Sources */ = {isa = PBXBuildFile; fileRef = 4DC11FF527DA298300D80461 /* AudiosListVC.swift */; };
		4DC11FF827DA298300D80461 /* AudiosListVC.xib in Resources */ = {isa = PBXBuildFile; fileRef = 4DC11FF627DA298300D80461 /* AudiosListVC.xib */; };
		4DC1200027DA2C3000D80461 /* NowPlayingVC.swift in Sources */ = {isa = PBXBuildFile; fileRef = 4DC11FFE27DA2C3000D80461 /* NowPlayingVC.swift */; };
		4DC1200127DA2C3000D80461 /* NowPlayingVC.xib in Resources */ = {isa = PBXBuildFile; fileRef = 4DC11FFF27DA2C3000D80461 /* NowPlayingVC.xib */; };
		4DC1200427DA319200D80461 /* AudioDM.swift in Sources */ = {isa = PBXBuildFile; fileRef = 4DC1200327DA319200D80461 /* AudioDM.swift */; };
/* End PBXBuildFile section */

/* Begin PBXFileReference section */
		4D54548A27DCA35B00270611 /* AnimationFrames.swift */ = {isa = PBXFileReference; fileEncoding = 4; lastKnownFileType = sourcecode.swift; path = AnimationFrames.swift; sourceTree = "<group>"; };
		4D9C111727DA67510080692D /* AudioListTVC.swift */ = {isa = PBXFileReference; lastKnownFileType = sourcecode.swift; path = AudioListTVC.swift; sourceTree = "<group>"; };
		4D9C111827DA67510080692D /* AudioListTVC.xib */ = {isa = PBXFileReference; lastKnownFileType = file.xib; path = AudioListTVC.xib; sourceTree = "<group>"; };
		4D9C111C27DA6C140080692D /* KSAudioPlayer.swift */ = {isa = PBXFileReference; lastKnownFileType = sourcecode.swift; path = KSAudioPlayer.swift; sourceTree = "<group>"; };
		4DC11FD827DA285F00D80461 /* KSAudioPlayer.app */ = {isa = PBXFileReference; explicitFileType = wrapper.application; includeInIndex = 0; path = KSAudioPlayer.app; sourceTree = BUILT_PRODUCTS_DIR; };
		4DC11FDB27DA285F00D80461 /* AppDelegate.swift */ = {isa = PBXFileReference; lastKnownFileType = sourcecode.swift; path = AppDelegate.swift; sourceTree = "<group>"; };
		4DC11FE427DA286100D80461 /* Assets.xcassets */ = {isa = PBXFileReference; lastKnownFileType = folder.assetcatalog; path = Assets.xcassets; sourceTree = "<group>"; };
		4DC11FE727DA286100D80461 /* Base */ = {isa = PBXFileReference; lastKnownFileType = file.storyboard; name = Base; path = Base.lproj/LaunchScreen.storyboard; sourceTree = "<group>"; };
		4DC11FE927DA286100D80461 /* Info.plist */ = {isa = PBXFileReference; lastKnownFileType = text.plist.xml; path = Info.plist; sourceTree = "<group>"; };
		4DC11FF527DA298300D80461 /* AudiosListVC.swift */ = {isa = PBXFileReference; lastKnownFileType = sourcecode.swift; path = AudiosListVC.swift; sourceTree = "<group>"; };
		4DC11FF627DA298300D80461 /* AudiosListVC.xib */ = {isa = PBXFileReference; lastKnownFileType = file.xib; path = AudiosListVC.xib; sourceTree = "<group>"; };
		4DC11FFE27DA2C3000D80461 /* NowPlayingVC.swift */ = {isa = PBXFileReference; lastKnownFileType = sourcecode.swift; path = NowPlayingVC.swift; sourceTree = "<group>"; };
		4DC11FFF27DA2C3000D80461 /* NowPlayingVC.xib */ = {isa = PBXFileReference; lastKnownFileType = file.xib; path = NowPlayingVC.xib; sourceTree = "<group>"; };
		4DC1200327DA319200D80461 /* AudioDM.swift */ = {isa = PBXFileReference; lastKnownFileType = sourcecode.swift; path = AudioDM.swift; sourceTree = "<group>"; };
/* End PBXFileReference section */

/* Begin PBXFrameworksBuildPhase section */
		4DC11FD527DA285F00D80461 /* Frameworks */ = {
			isa = PBXFrameworksBuildPhase;
			buildActionMask = 2147483647;
			files = (
			);
			runOnlyForDeploymentPostprocessing = 0;
		};
/* End PBXFrameworksBuildPhase section */

/* Begin PBXGroup section */
		4D9C111B27DA6BFA0080692D /* New Group */ = {
			isa = PBXGroup;
			children = (
				4D54548A27DCA35B00270611 /* AnimationFrames.swift */,
			);
			path = "New Group";
			sourceTree = "<group>";
		};
		4DC11FCF27DA285F00D80461 = {
			isa = PBXGroup;
			children = (
				4DC11FDA27DA285F00D80461 /* KSAudioPlayer */,
				4DC11FD927DA285F00D80461 /* Products */,
			);
			sourceTree = "<group>";
		};
		4DC11FD927DA285F00D80461 /* Products */ = {
			isa = PBXGroup;
			children = (
				4DC11FD827DA285F00D80461 /* KSAudioPlayer.app */,
			);
			name = Products;
			sourceTree = "<group>";
		};
		4DC11FDA27DA285F00D80461 /* KSAudioPlayer */ = {
			isa = PBXGroup;
			children = (
				4DC1200227DA317F00D80461 /* Model */,
				4DC11FDB27DA285F00D80461 /* AppDelegate.swift */,
				4DC11FF027DA291200D80461 /* MainVC */,
				4DC11FEF27DA28F800D80461 /* SupportFile */,
			);
			path = KSAudioPlayer;
			sourceTree = "<group>";
		};
		4DC11FEF27DA28F800D80461 /* SupportFile */ = {
			isa = PBXGroup;
			children = (
				4DC11FE627DA286100D80461 /* LaunchScreen.storyboard */,
				4DC11FE427DA286100D80461 /* Assets.xcassets */,
				4DC11FE927DA286100D80461 /* Info.plist */,
			);
			path = SupportFile;
			sourceTree = "<group>";
		};
		4DC11FF027DA291200D80461 /* MainVC */ = {
			isa = PBXGroup;
			children = (
				4D9C111B27DA6BFA0080692D /* New Group */,
				4DC11FF527DA298300D80461 /* AudiosListVC.swift */,
				4DC11FF627DA298300D80461 /* AudiosListVC.xib */,
				4DC11FFE27DA2C3000D80461 /* NowPlayingVC.swift */,
				4DC11FFF27DA2C3000D80461 /* NowPlayingVC.xib */,
				4D9C111C27DA6C140080692D /* KSAudioPlayer.swift */,
				4DC11FFD27DA2B0A00D80461 /* TVC */,
			);
			path = MainVC;
			sourceTree = "<group>";
		};
		4DC11FFD27DA2B0A00D80461 /* TVC */ = {
			isa = PBXGroup;
			children = (
				4D9C111727DA67510080692D /* AudioListTVC.swift */,
				4D9C111827DA67510080692D /* AudioListTVC.xib */,
			);
			path = TVC;
			sourceTree = "<group>";
		};
		4DC1200227DA317F00D80461 /* Model */ = {
			isa = PBXGroup;
			children = (
				4DC1200327DA319200D80461 /* AudioDM.swift */,
			);
			path = Model;
			sourceTree = "<group>";
		};
/* End PBXGroup section */

/* Begin PBXNativeTarget section */
		4DC11FD727DA285F00D80461 /* KSAudioPlayer */ = {
			isa = PBXNativeTarget;
			buildConfigurationList = 4DC11FEC27DA286100D80461 /* Build configuration list for PBXNativeTarget "KSAudioPlayer" */;
			buildPhases = (
				4DC11FD427DA285F00D80461 /* Sources */,
				4DC11FD527DA285F00D80461 /* Frameworks */,
				4DC11FD627DA285F00D80461 /* Resources */,
			);
			buildRules = (
			);
			dependencies = (
			);
			name = KSAudioPlayer;
			productName = KSAudioPlayer;
			productReference = 4DC11FD827DA285F00D80461 /* KSAudioPlayer.app */;
			productType = "com.apple.product-type.application";
		};
/* End PBXNativeTarget section */

/* Begin PBXProject section */
		4DC11FD027DA285F00D80461 /* Project object */ = {
			isa = PBXProject;
			attributes = {
				BuildIndependentTargetsInParallel = 1;
				LastSwiftUpdateCheck = 1320;
				LastUpgradeCheck = 1320;
				TargetAttributes = {
					4DC11FD727DA285F00D80461 = {
						CreatedOnToolsVersion = 13.2.1;
					};
				};
			};
			buildConfigurationList = 4DC11FD327DA285F00D80461 /* Build configuration list for PBXProject "KSAudioPlayer" */;
			compatibilityVersion = "Xcode 13.0";
			developmentRegion = en;
			hasScannedForEncodings = 0;
			knownRegions = (
				en,
				Base,
			);
			mainGroup = 4DC11FCF27DA285F00D80461;
			productRefGroup = 4DC11FD927DA285F00D80461 /* Products */;
			projectDirPath = "";
			projectRoot = "";
			targets = (
				4DC11FD727DA285F00D80461 /* KSAudioPlayer */,
			);
		};
/* End PBXProject section */

/* Begin PBXResourcesBuildPhase section */
		4DC11FD627DA285F00D80461 /* Resources */ = {
			isa = PBXResourcesBuildPhase;
			buildActionMask = 2147483647;
			files = (
				4DC11FF827DA298300D80461 /* AudiosListVC.xib in Resources */,
				4D9C111A27DA67510080692D /* AudioListTVC.xib in Resources */,
				4DC11FE827DA286100D80461 /* LaunchScreen.storyboard in Resources */,
				4DC11FE527DA286100D80461 /* Assets.xcassets in Resources */,
				4DC1200127DA2C3000D80461 /* NowPlayingVC.xib in Resources */,
			);
			runOnlyForDeploymentPostprocessing = 0;
		};
/* End PBXResourcesBuildPhase section */

/* Begin PBXSourcesBuildPhase section */
		4DC11FD427DA285F00D80461 /* Sources */ = {
			isa = PBXSourcesBuildPhase;
			buildActionMask = 2147483647;
			files = (
				4DC11FDC27DA285F00D80461 /* AppDelegate.swift in Sources */,
				4DC1200427DA319200D80461 /* AudioDM.swift in Sources */,
				4D54548B27DCA35B00270611 /* AnimationFrames.swift in Sources */,
				4D9C111927DA67510080692D /* AudioListTVC.swift in Sources */,
				4D9C111D27DA6C140080692D /* KSAudioPlayer.swift in Sources */,
				4DC11FF727DA298300D80461 /* AudiosListVC.swift in Sources */,
				4DC1200027DA2C3000D80461 /* NowPlayingVC.swift in Sources */,
			);
			runOnlyForDeploymentPostprocessing = 0;
		};
/* End PBXSourcesBuildPhase section */

/* Begin PBXVariantGroup section */
		4DC11FE627DA286100D80461 /* LaunchScreen.storyboard */ = {
			isa = PBXVariantGroup;
			children = (
				4DC11FE727DA286100D80461 /* Base */,
			);
			name = LaunchScreen.storyboard;
			sourceTree = "<group>";
		};
/* End PBXVariantGroup section */

/* Begin XCBuildConfiguration section */
		4DC11FEA27DA286100D80461 /* Debug */ = {
			isa = XCBuildConfiguration;
			buildSettings = {
				ALWAYS_SEARCH_USER_PATHS = NO;
				CLANG_ANALYZER_NONNULL = YES;
				CLANG_ANALYZER_NUMBER_OBJECT_CONVERSION = YES_AGGRESSIVE;
				CLANG_CXX_LANGUAGE_STANDARD = "gnu++17";
				CLANG_CXX_LIBRARY = "libc++";
				CLANG_ENABLE_MODULES = YES;
				CLANG_ENABLE_OBJC_ARC = YES;
				CLANG_ENABLE_OBJC_WEAK = YES;
				CLANG_WARN_BLOCK_CAPTURE_AUTORELEASING = YES;
				CLANG_WARN_BOOL_CONVERSION = YES;
				CLANG_WARN_COMMA = YES;
				CLANG_WARN_CONSTANT_CONVERSION = YES;
				CLANG_WARN_DEPRECATED_OBJC_IMPLEMENTATIONS = YES;
				CLANG_WARN_DIRECT_OBJC_ISA_USAGE = YES_ERROR;
				CLANG_WARN_DOCUMENTATION_COMMENTS = YES;
				CLANG_WARN_EMPTY_BODY = YES;
				CLANG_WARN_ENUM_CONVERSION = YES;
				CLANG_WARN_INFINITE_RECURSION = YES;
				CLANG_WARN_INT_CONVERSION = YES;
				CLANG_WARN_NON_LITERAL_NULL_CONVERSION = YES;
				CLANG_WARN_OBJC_IMPLICIT_RETAIN_SELF = YES;
				CLANG_WARN_OBJC_LITERAL_CONVERSION = YES;
				CLANG_WARN_OBJC_ROOT_CLASS = YES_ERROR;
				CLANG_WARN_QUOTED_INCLUDE_IN_FRAMEWORK_HEADER = YES;
				CLANG_WARN_RANGE_LOOP_ANALYSIS = YES;
				CLANG_WARN_STRICT_PROTOTYPES = YES;
				CLANG_WARN_SUSPICIOUS_MOVE = YES;
				CLANG_WARN_UNGUARDED_AVAILABILITY = YES_AGGRESSIVE;
				CLANG_WARN_UNREACHABLE_CODE = YES;
				CLANG_WARN__DUPLICATE_METHOD_MATCH = YES;
				COPY_PHASE_STRIP = NO;
				DEBUG_INFORMATION_FORMAT = dwarf;
				ENABLE_STRICT_OBJC_MSGSEND = YES;
				ENABLE_TESTABILITY = YES;
				GCC_C_LANGUAGE_STANDARD = gnu11;
				GCC_DYNAMIC_NO_PIC = NO;
				GCC_NO_COMMON_BLOCKS = YES;
				GCC_OPTIMIZATION_LEVEL = 0;
				GCC_PREPROCESSOR_DEFINITIONS = (
					"DEBUG=1",
					"$(inherited)",
				);
				GCC_WARN_64_TO_32_BIT_CONVERSION = YES;
				GCC_WARN_ABOUT_RETURN_TYPE = YES_ERROR;
				GCC_WARN_UNDECLARED_SELECTOR = YES;
				GCC_WARN_UNINITIALIZED_AUTOS = YES_AGGRESSIVE;
				GCC_WARN_UNUSED_FUNCTION = YES;
				GCC_WARN_UNUSED_VARIABLE = YES;
				IPHONEOS_DEPLOYMENT_TARGET = 13.0;
				MTL_ENABLE_DEBUG_INFO = INCLUDE_SOURCE;
				MTL_FAST_MATH = YES;
				ONLY_ACTIVE_ARCH = YES;
				SDKROOT = iphoneos;
				SWIFT_ACTIVE_COMPILATION_CONDITIONS = DEBUG;
				SWIFT_OPTIMIZATION_LEVEL = "-Onone";
			};
			name = Debug;
		};
		4DC11FEB27DA286100D80461 /* Release */ = {
			isa = XCBuildConfiguration;
			buildSettings = {
				ALWAYS_SEARCH_USER_PATHS = NO;
				CLANG_ANALYZER_NONNULL = YES;
				CLANG_ANALYZER_NUMBER_OBJECT_CONVERSION = YES_AGGRESSIVE;
				CLANG_CXX_LANGUAGE_STANDARD = "gnu++17";
				CLANG_CXX_LIBRARY = "libc++";
				CLANG_ENABLE_MODULES = YES;
				CLANG_ENABLE_OBJC_ARC = YES;
				CLANG_ENABLE_OBJC_WEAK = YES;
				CLANG_WARN_BLOCK_CAPTURE_AUTORELEASING = YES;
				CLANG_WARN_BOOL_CONVERSION = YES;
				CLANG_WARN_COMMA = YES;
				CLANG_WARN_CONSTANT_CONVERSION = YES;
				CLANG_WARN_DEPRECATED_OBJC_IMPLEMENTATIONS = YES;
				CLANG_WARN_DIRECT_OBJC_ISA_USAGE = YES_ERROR;
				CLANG_WARN_DOCUMENTATION_COMMENTS = YES;
				CLANG_WARN_EMPTY_BODY = YES;
				CLANG_WARN_ENUM_CONVERSION = YES;
				CLANG_WARN_INFINITE_RECURSION = YES;
				CLANG_WARN_INT_CONVERSION = YES;
				CLANG_WARN_NON_LITERAL_NULL_CONVERSION = YES;
				CLANG_WARN_OBJC_IMPLICIT_RETAIN_SELF = YES;
				CLANG_WARN_OBJC_LITERAL_CONVERSION = YES;
				CLANG_WARN_OBJC_ROOT_CLASS = YES_ERROR;
				CLANG_WARN_QUOTED_INCLUDE_IN_FRAMEWORK_HEADER = YES;
				CLANG_WARN_RANGE_LOOP_ANALYSIS = YES;
				CLANG_WARN_STRICT_PROTOTYPES = YES;
				CLANG_WARN_SUSPICIOUS_MOVE = YES;
				CLANG_WARN_UNGUARDED_AVAILABILITY = YES_AGGRESSIVE;
				CLANG_WARN_UNREACHABLE_CODE = YES;
				CLANG_WARN__DUPLICATE_METHOD_MATCH = YES;
				COPY_PHASE_STRIP = NO;
				DEBUG_INFORMATION_FORMAT = "dwarf-with-dsym";
				ENABLE_NS_ASSERTIONS = NO;
				ENABLE_STRICT_OBJC_MSGSEND = YES;
				GCC_C_LANGUAGE_STANDARD = gnu11;
				GCC_NO_COMMON_BLOCKS = YES;
				GCC_WARN_64_TO_32_BIT_CONVERSION = YES;
				GCC_WARN_ABOUT_RETURN_TYPE = YES_ERROR;
				GCC_WARN_UNDECLARED_SELECTOR = YES;
				GCC_WARN_UNINITIALIZED_AUTOS = YES_AGGRESSIVE;
				GCC_WARN_UNUSED_FUNCTION = YES;
				GCC_WARN_UNUSED_VARIABLE = YES;
				IPHONEOS_DEPLOYMENT_TARGET = 13.0;
				MTL_ENABLE_DEBUG_INFO = NO;
				MTL_FAST_MATH = YES;
				SDKROOT = iphoneos;
				SWIFT_COMPILATION_MODE = wholemodule;
				SWIFT_OPTIMIZATION_LEVEL = "-O";
				VALIDATE_PRODUCT = YES;
			};
			name = Release;
		};
		4DC11FED27DA286100D80461 /* Debug */ = {
			isa = XCBuildConfiguration;
			buildSettings = {
				ASSETCATALOG_COMPILER_APPICON_NAME = AppIcon;
				ASSETCATALOG_COMPILER_GLOBAL_ACCENT_COLOR_NAME = AccentColor;
				CODE_SIGN_STYLE = Automatic;
				CURRENT_PROJECT_VERSION = 1;
				DEVELOPMENT_TEAM = KZ9ZFJVL8G;
				GENERATE_INFOPLIST_FILE = YES;
				INFOPLIST_FILE = KSAudioPlayer/Info.plist;
				INFOPLIST_KEY_NSAppleMusicUsageDescription = "Audio file saqlash uchun ruhsat bering bu audioni offline eshitishingiz uchun kerak";
				INFOPLIST_KEY_NSDocumentsFolderUsageDescription = "BU bizgs kerak";
				INFOPLIST_KEY_UIApplicationSupportsIndirectInputEvents = YES;
				INFOPLIST_KEY_UILaunchStoryboardName = LaunchScreen;
				INFOPLIST_KEY_UISupportedInterfaceOrientations_iPad = "UIInterfaceOrientationPortrait UIInterfaceOrientationPortraitUpsideDown UIInterfaceOrientationLandscapeLeft UIInterfaceOrientationLandscapeRight";
				INFOPLIST_KEY_UISupportedInterfaceOrientations_iPhone = "UIInterfaceOrientationPortrait UIInterfaceOrientationLandscapeLeft UIInterfaceOrientationLandscapeRight";
				IPHONEOS_DEPLOYMENT_TARGET = 13.0;
				LD_RUNPATH_SEARCH_PATHS = (
					"$(inherited)",
					"@executable_path/Frameworks",
				);
				MARKETING_VERSION = 1.0;
				PRODUCT_BUNDLE_IDENTIFIER = Siddikjon.KSAudioPlayer1;
				PRODUCT_NAME = "$(TARGET_NAME)";
				SWIFT_EMIT_LOC_STRINGS = YES;
				SWIFT_VERSION = 5.0;
				TARGETED_DEVICE_FAMILY = 1;
			};
			name = Debug;
		};
		4DC11FEE27DA286100D80461 /* Release */ = {
			isa = XCBuildConfiguration;
			buildSettings = {
				ASSETCATALOG_COMPILER_APPICON_NAME = AppIcon;
				ASSETCATALOG_COMPILER_GLOBAL_ACCENT_COLOR_NAME = AccentColor;
				CODE_SIGN_STYLE = Automatic;
				CURRENT_PROJECT_VERSION = 1;
				DEVELOPMENT_TEAM = KZ9ZFJVL8G;
				GENERATE_INFOPLIST_FILE = YES;
				INFOPLIST_FILE = KSAudioPlayer/Info.plist;
				INFOPLIST_KEY_NSAppleMusicUsageDescription = "Audio file saqlash uchun ruhsat bering bu audioni offline eshitishingiz uchun kerak";
				INFOPLIST_KEY_NSDocumentsFolderUsageDescription = "BU bizgs kerak";
				INFOPLIST_KEY_UIApplicationSupportsIndirectInputEvents = YES;
				INFOPLIST_KEY_UILaunchStoryboardName = LaunchScreen;
				INFOPLIST_KEY_UISupportedInterfaceOrientations_iPad = "UIInterfaceOrientationPortrait UIInterfaceOrientationPortraitUpsideDown UIInterfaceOrientationLandscapeLeft UIInterfaceOrientationLandscapeRight";
				INFOPLIST_KEY_UISupportedInterfaceOrientations_iPhone = "UIInterfaceOrientationPortrait UIInterfaceOrientationLandscapeLeft UIInterfaceOrientationLandscapeRight";
				IPHONEOS_DEPLOYMENT_TARGET = 13.0;
				LD_RUNPATH_SEARCH_PATHS = (
					"$(inherited)",
					"@executable_path/Frameworks",
				);
				MARKETING_VERSION = 1.0;
				PRODUCT_BUNDLE_IDENTIFIER = Siddikjon.KSAudioPlayer1;
				PRODUCT_NAME = "$(TARGET_NAME)";
				SWIFT_EMIT_LOC_STRINGS = YES;
				SWIFT_VERSION = 5.0;
				TARGETED_DEVICE_FAMILY = 1;
			};
			name = Release;
		};
/* End XCBuildConfiguration section */

/* Begin XCConfigurationList section */
		4DC11FD327DA285F00D80461 /* Build configuration list for PBXProject "KSAudioPlayer" */ = {
			isa = XCConfigurationList;
			buildConfigurations = (
				4DC11FEA27DA286100D80461 /* Debug */,
				4DC11FEB27DA286100D80461 /* Release */,
			);
			defaultConfigurationIsVisible = 0;
			defaultConfigurationName = Release;
		};
		4DC11FEC27DA286100D80461 /* Build configuration list for PBXNativeTarget "KSAudioPlayer" */ = {
			isa = XCConfigurationList;
			buildConfigurations = (
				4DC11FED27DA286100D80461 /* Debug */,
				4DC11FEE27DA286100D80461 /* Release */,
			);
			defaultConfigurationIsVisible = 0;
			defaultConfigurationName = Release;
		};
/* End XCConfigurationList section */
	};
	rootObject = 4DC11FD027DA285F00D80461 /* Project object */;
}
